
Microsoft Visual Studio Solution File, Format Version 12.00
# Visual Studio Version 17
VisualStudioVersion = 17.0.31903.59
MinimumVisualStudioVersion = 10.0.40219.1
Project("{FAE04EC0-301F-11D3-BF4B-00C04F79EFBC}") = "GoodVsEvil", "GoodVsEvil\GoodVsEvil.csproj", "{FC9A307F-4F1F-48B8-BEEF-AEA2A38567D2}"
EndProject
Project("{FAE04EC0-301F-11D3-BF4B-00C04F79EFBC}") = "Test", "Test\Test.csproj", "{14ACE722-ADA9-4A6D-AA09-912D1E02205B}"
EndProject
Global
	GlobalSection(SolutionConfigurationPlatforms) = preSolution
		Debug|Any CPU = Debug|Any CPU
		Release|Any CPU = Release|Any CPU
	EndGlobalSection
	GlobalSection(SolutionProperties) = preSolution
		HideSolutionNode = FALSE
	EndGlobalSection
	GlobalSection(ProjectConfigurationPlatforms) = postSolution
		{FC9A307F-4F1F-48B8-BEEF-AEA2A38567D2}.Debug|Any CPU.ActiveCfg = Debug|Any CPU
		{FC9A307F-4F1F-48B8-BEEF-AEA2A38567D2}.Debug|Any CPU.Build.0 = Debug|Any CPU
		{FC9A307F-4F1F-48B8-BEEF-AEA2A38567D2}.Release|Any CPU.ActiveCfg = Release|Any CPU
		{FC9A307F-4F1F-48B8-BEEF-AEA2A38567D2}.Release|Any CPU.Build.0 = Release|Any CPU
		{14ACE722-ADA9-4A6D-AA09-912D1E02205B}.Debug|Any CPU.ActiveCfg = Debug|Any CPU
		{14ACE722-ADA9-4A6D-AA09-912D1E02205B}.Debug|Any CPU.Build.0 = Debug|Any CPU
		{14ACE722-ADA9-4A6D-AA09-912D1E02205B}.Release|Any CPU.ActiveCfg = Release|Any CPU
		{14ACE722-ADA9-4A6D-AA09-912D1E02205B}.Release|Any CPU.Build.0 = Release|Any CPU
	EndGlobalSection
EndGlobal
